
Microsoft Visual Studio Solution File, Format Version 12.00
# Visual Studio Version 17
VisualStudioVersion = 17.9.34728.123
MinimumVisualStudioVersion = 10.0.40219.1
Project("{FAE04EC0-301F-11D3-BF4B-00C04F79EFBC}") = "TryParse", "TryParse\TryParse.csproj", "{A2DB41BE-B489-421D-86F2-9FB157941E23}"
EndProject
Global
	GlobalSection(SolutionConfigurationPlatforms) = preSolution
		Debug|Any CPU = Debug|Any CPU
		Release|Any CPU = Release|Any CPU
	EndGlobalSection
	GlobalSection(ProjectConfigurationPlatforms) = postSolution
		{A2DB41BE-B489-421D-86F2-9FB157941E23}.Debug|Any CPU.ActiveCfg = Debug|Any CPU
		{A2DB41BE-B489-421D-86F2-9FB157941E23}.Debug|Any CPU.Build.0 = Debug|Any CPU
		{A2DB41BE-B489-421D-86F2-9FB157941E23}.Release|Any CPU.ActiveCfg = Release|Any CPU
		{A2DB41BE-B489-421D-86F2-9FB157941E23}.Release|Any CPU.Build.0 = Release|Any CPU
	EndGlobalSection
	GlobalSection(SolutionProperties) = preSolution
		HideSolutionNode = FALSE
	EndGlobalSection
	GlobalSection(ExtensibilityGlobals) = postSolution
		SolutionGuid = {211090BD-85FA-47E3-8A16-67A0897893E6}
	EndGlobalSection
EndGlobal
