
Microsoft Visual Studio Solution File, Format Version 12.00
Project("{FAE04EC0-301F-11D3-BF4B-00C04F79EFBC}") = "DelegatesAndEvents", "DelegatesAndEvents.csproj", "{449D07D8-3220-4774-BCC1-69567D907CCB}"
EndProject
Global
	GlobalSection(SolutionConfigurationPlatforms) = preSolution
		Debug|Any CPU = Debug|Any CPU
		Release|Any CPU = Release|Any CPU
	EndGlobalSection
	GlobalSection(ProjectConfigurationPlatforms) = postSolution
		{449D07D8-3220-4774-BCC1-69567D907CCB}.Debug|Any CPU.ActiveCfg = Debug|Any CPU
		{449D07D8-3220-4774-BCC1-69567D907CCB}.Debug|Any CPU.Build.0 = Debug|Any CPU
		{449D07D8-3220-4774-BCC1-69567D907CCB}.Release|Any CPU.ActiveCfg = Release|Any CPU
		{449D07D8-3220-4774-BCC1-69567D907CCB}.Release|Any CPU.Build.0 = Release|Any CPU
	EndGlobalSection
EndGlobal
