
Microsoft Visual Studio Solution File, Format Version 12.00
Project("{FAE04EC0-301F-11D3-BF4B-00C04F79EFBC}") = "CollectionIteration", "CollectionIteration.csproj", "{949503F9-AB1F-45DE-8ADF-D7698A0F5290}"
EndProject
Global
	GlobalSection(SolutionConfigurationPlatforms) = preSolution
		Debug|Any CPU = Debug|Any CPU
		Release|Any CPU = Release|Any CPU
	EndGlobalSection
	GlobalSection(ProjectConfigurationPlatforms) = postSolution
		{949503F9-AB1F-45DE-8ADF-D7698A0F5290}.Debug|Any CPU.ActiveCfg = Debug|Any CPU
		{949503F9-AB1F-45DE-8ADF-D7698A0F5290}.Debug|Any CPU.Build.0 = Debug|Any CPU
		{949503F9-AB1F-45DE-8ADF-D7698A0F5290}.Release|Any CPU.ActiveCfg = Release|Any CPU
		{949503F9-AB1F-45DE-8ADF-D7698A0F5290}.Release|Any CPU.Build.0 = Release|Any CPU
	EndGlobalSection
EndGlobal
