
Microsoft Visual Studio Solution File, Format Version 12.00
Project("{FAE04EC0-301F-11D3-BF4B-00C04F79EFBC}") = "Inheritance_And_Polymorphism", "Inheritance_And_Polymorphism.csproj", "{E4C9EC31-E125-4FD6-B01D-D70980EC2889}"
EndProject
Global
	GlobalSection(SolutionConfigurationPlatforms) = preSolution
		Debug|Any CPU = Debug|Any CPU
		Release|Any CPU = Release|Any CPU
	EndGlobalSection
	GlobalSection(ProjectConfigurationPlatforms) = postSolution
		{E4C9EC31-E125-4FD6-B01D-D70980EC2889}.Debug|Any CPU.ActiveCfg = Debug|Any CPU
		{E4C9EC31-E125-4FD6-B01D-D70980EC2889}.Debug|Any CPU.Build.0 = Debug|Any CPU
		{E4C9EC31-E125-4FD6-B01D-D70980EC2889}.Release|Any CPU.ActiveCfg = Release|Any CPU
		{E4C9EC31-E125-4FD6-B01D-D70980EC2889}.Release|Any CPU.Build.0 = Release|Any CPU
	EndGlobalSection
EndGlobal
