
Microsoft Visual Studio Solution File, Format Version 12.00
Project("{FAE04EC0-301F-11D3-BF4B-00C04F79EFBC}") = "Interface", "Interface.csproj", "{B5A35D7C-8B49-4D28-BF9F-44C154A38035}"
EndProject
Global
	GlobalSection(SolutionConfigurationPlatforms) = preSolution
		Debug|Any CPU = Debug|Any CPU
		Release|Any CPU = Release|Any CPU
	EndGlobalSection
	GlobalSection(ProjectConfigurationPlatforms) = postSolution
		{B5A35D7C-8B49-4D28-BF9F-44C154A38035}.Debug|Any CPU.ActiveCfg = Debug|Any CPU
		{B5A35D7C-8B49-4D28-BF9F-44C154A38035}.Debug|Any CPU.Build.0 = Debug|Any CPU
		{B5A35D7C-8B49-4D28-BF9F-44C154A38035}.Release|Any CPU.ActiveCfg = Release|Any CPU
		{B5A35D7C-8B49-4D28-BF9F-44C154A38035}.Release|Any CPU.Build.0 = Release|Any CPU
	EndGlobalSection
EndGlobal
